// !$*UTF8*$!
{
	archiveVersion = 1;
	classes = {
	};
	objectVersion = 46;
	objects = {

/* Begin PBXBuildFile section */
		710EDE4016C037D20055E48C /* AppSupport.framework in Frameworks */ = {isa = PBXBuildFile; fileRef = 710EDE3F16C037D20055E48C /* AppSupport.framework */; };
		71255EF516C0326600353319 /* Foundation.framework in Frameworks */ = {isa = PBXBuildFile; fileRef = 71255EF416C0326600353319 /* Foundation.framework */; };
		71255EF716C0326B00353319 /* UIKit.framework in Frameworks */ = {isa = PBXBuildFile; fileRef = 71255EF616C0326B00353319 /* UIKit.framework */; };
		71255EF916C0327000353319 /* CoreGraphics.framework in Frameworks */ = {isa = PBXBuildFile; fileRef = 71255EF816C0327000353319 /* CoreGraphics.framework */; };
		7173F169164F676900F2350A /* main.m in Sources */ = {isa = PBXBuildFile; fileRef = 7173F143164F669300F2350A /* main.m */; };
		7173F205164F6AF000F2350A /* Icon-57.png in Resources */ = {isa = PBXBuildFile; fileRef = 7173F202164F6AF000F2350A /* Icon-57.png */; };
		7173F206164F6AF000F2350A /* Icon-72.png in Resources */ = {isa = PBXBuildFile; fileRef = 7173F203164F6AF000F2350A /* Icon-72.png */; };
		7173F208164F6B4500F2350A /* AppDelegate.m in Sources */ = {isa = PBXBuildFile; fileRef = 7173F134164F669300F2350A /* AppDelegate.m */; };
		7173F209164F6B4800F2350A /* ConfigurationViewController.m in Sources */ = {isa = PBXBuildFile; fileRef = 7173F138164F669300F2350A /* ConfigurationViewController.m */; };
		7173F20A164F6B4E00F2350A /* mouse_msgs.mm in Sources */ = {isa = PBXBuildFile; fileRef = 7173F145164F669300F2350A /* mouse_msgs.mm */; };
		7173F20B164F6B5500F2350A /* BackgroundApplication.m in Sources */ = {isa = PBXBuildFile; fileRef = 7173F136164F669300F2350A /* BackgroundApplication.m */; };
		7173F20C164F6D1400F2350A /* SynergyClient.m in Sources */ = {isa = PBXBuildFile; fileRef = 7173F147164F669300F2350A /* SynergyClient.m */; };
		718EAEDB16C773F20034B963 /* libhidsupport.dylib in Frameworks */ = {isa = PBXBuildFile; fileRef = 718EAEDA16C773F20034B963 /* libhidsupport.dylib */; };
		71EA015D16C4C16C00FFF797 /* Default-568h@2x.png in Resources */ = {isa = PBXBuildFile; fileRef = 71EA015C16C4C16C00FFF797 /* Default-568h@2x.png */; };
/* End PBXBuildFile section */

/* Begin PBXFileReference section */
		710EDE3F16C037D20055E48C /* AppSupport.framework */ = {isa = PBXFileReference; lastKnownFileType = wrapper.framework; name = AppSupport.framework; path = System/Library/PrivateFrameworks/AppSupport.framework; sourceTree = SDKROOT; };
		71255EF416C0326600353319 /* Foundation.framework */ = {isa = PBXFileReference; lastKnownFileType = wrapper.framework; name = Foundation.framework; path = System/Library/Frameworks/Foundation.framework; sourceTree = SDKROOT; };
		71255EF616C0326B00353319 /* UIKit.framework */ = {isa = PBXFileReference; lastKnownFileType = wrapper.framework; name = UIKit.framework; path = System/Library/Frameworks/UIKit.framework; sourceTree = SDKROOT; };
		71255EF816C0327000353319 /* CoreGraphics.framework */ = {isa = PBXFileReference; lastKnownFileType = wrapper.framework; name = CoreGraphics.framework; path = System/Library/Frameworks/CoreGraphics.framework; sourceTree = SDKROOT; };
		7127829F1688DD8A004B13D4 /* hid-support.h */ = {isa = PBXFileReference; fileEncoding = 4; lastKnownFileType = sourcecode.c.h; path = "hid-support.h"; sourceTree = "<group>"; };
		7173F133164F669300F2350A /* AppDelegate.h */ = {isa = PBXFileReference; lastKnownFileType = sourcecode.c.h; name = AppDelegate.h; path = ../AppDelegate.h; sourceTree = "<group>"; };
		7173F134164F669300F2350A /* AppDelegate.m */ = {isa = PBXFileReference; lastKnownFileType = sourcecode.c.objc; name = AppDelegate.m; path = ../AppDelegate.m; sourceTree = "<group>"; };
		7173F135164F669300F2350A /* BackgroundApplication.h */ = {isa = PBXFileReference; lastKnownFileType = sourcecode.c.h; path = BackgroundApplication.h; sourceTree = "<group>"; };
		7173F136164F669300F2350A /* BackgroundApplication.m */ = {isa = PBXFileReference; lastKnownFileType = sourcecode.c.objc; path = BackgroundApplication.m; sourceTree = "<group>"; };
		7173F137164F669300F2350A /* ConfigurationViewController.h */ = {isa = PBXFileReference; lastKnownFileType = sourcecode.c.h; name = ConfigurationViewController.h; path = ../ConfigurationViewController.h; sourceTree = "<group>"; };
		7173F138164F669300F2350A /* ConfigurationViewController.m */ = {isa = PBXFileReference; lastKnownFileType = sourcecode.c.objc; name = ConfigurationViewController.m; path = ../ConfigurationViewController.m; sourceTree = "<group>"; };
		7173F143164F669300F2350A /* main.m */ = {isa = PBXFileReference; lastKnownFileType = sourcecode.c.objc; name = main.m; path = ../main.m; sourceTree = "<group>"; };
		7173F144164F669300F2350A /* mouse_msgs.h */ = {isa = PBXFileReference; lastKnownFileType = sourcecode.c.h; name = mouse_msgs.h; path = ../mouse_msgs.h; sourceTree = "<group>"; };
		7173F145164F669300F2350A /* mouse_msgs.mm */ = {isa = PBXFileReference; lastKnownFileType = sourcecode.cpp.objcpp; name = mouse_msgs.mm; path = ../mouse_msgs.mm; sourceTree = "<group>"; };
		7173F146164F669300F2350A /* SynergyClient.h */ = {isa = PBXFileReference; lastKnownFileType = sourcecode.c.h; path = SynergyClient.h; sourceTree = SOURCE_ROOT; };
		7173F147164F669300F2350A /* SynergyClient.m */ = {isa = PBXFileReference; lastKnownFileType = sourcecode.c.objc; path = SynergyClient.m; sourceTree = SOURCE_ROOT; };
		7173F14F164F671B00F2350A /* SynergyClient.app */ = {isa = PBXFileReference; explicitFileType = wrapper.application; includeInIndex = 0; path = SynergyClient.app; sourceTree = BUILT_PRODUCTS_DIR; };
		7173F202164F6AF000F2350A /* Icon-57.png */ = {isa = PBXFileReference; lastKnownFileType = image.png; path = "Icon-57.png"; sourceTree = "<group>"; };
		7173F203164F6AF000F2350A /* Icon-72.png */ = {isa = PBXFileReference; lastKnownFileType = image.png; path = "Icon-72.png"; sourceTree = "<group>"; };
		7173F204164F6AF000F2350A /* Info.plist */ = {isa = PBXFileReference; fileEncoding = 4; lastKnownFileType = text.plist.xml; path = Info.plist; sourceTree = "<group>"; };
		718EAEDA16C773F20034B963 /* libhidsupport.dylib */ = {isa = PBXFileReference; lastKnownFileType = "compiled.mach-o.dylib"; path = libhidsupport.dylib; sourceTree = "<group>"; };
		718EEFE416826F260063D540 /* _CPPowerAssertion.h */ = {isa = PBXFileReference; fileEncoding = 4; lastKnownFileType = sourcecode.c.h; path = _CPPowerAssertion.h; sourceTree = "<group>"; };
		718EEFE516826F260063D540 /* _CPPowerAssertionThread.h */ = {isa = PBXFileReference; fileEncoding = 4; lastKnownFileType = sourcecode.c.h; path = _CPPowerAssertionThread.h; sourceTree = "<group>"; };
		718EEFE616826F260063D540 /* _ReachabilityRequest.h */ = {isa = PBXFileReference; fileEncoding = 4; lastKnownFileType = sourcecode.c.h; path = _ReachabilityRequest.h; sourceTree = "<group>"; };
		718EEFE716826F260063D540 /* AppSupport-Structs.h */ = {isa = PBXFileReference; fileEncoding = 4; lastKnownFileType = sourcecode.c.h; path = "AppSupport-Structs.h"; sourceTree = "<group>"; };
		718EEFE816826F260063D540 /* AppSupport.h */ = {isa = PBXFileReference; fileEncoding = 4; lastKnownFileType = sourcecode.c.h; path = AppSupport.h; sourceTree = "<group>"; };
		718EEFE916826F260063D540 /* CapturedInvocationTrampoline.h */ = {isa = PBXFileReference; fileEncoding = 4; lastKnownFileType = sourcecode.c.h; path = CapturedInvocationTrampoline.h; sourceTree = "<group>"; };
		718EEFEA16826F260063D540 /* CPAggregateDictionary.h */ = {isa = PBXFileReference; fileEncoding = 4; lastKnownFileType = sourcecode.c.h; path = CPAggregateDictionary.h; sourceTree = "<group>"; };
		718EEFEB16826F260063D540 /* CPCity.h */ = {isa = PBXFileReference; fileEncoding = 4; lastKnownFileType = sourcecode.c.h; path = CPCity.h; sourceTree = "<group>"; };
		718EEFEC16826F260063D540 /* CPDistributedMessagingAsyncOperation.h */ = {isa = PBXFileReference; fileEncoding = 4; lastKnownFileType = sourcecode.c.h; path = CPDistributedMessagingAsyncOperation.h; sourceTree = "<group>"; };
		718EEFED16826F260063D540 /* CPDistributedMessagingCallout.h */ = {isa = PBXFileReference; fileEncoding = 4; lastKnownFileType = sourcecode.c.h; path = CPDistributedMessagingCallout.h; sourceTree = "<group>"; };
		718EEFEE16826F260063D540 /* CPDistributedMessagingCenter.h */ = {isa = PBXFileReference; fileEncoding = 4; lastKnownFileType = sourcecode.c.h; path = CPDistributedMessagingCenter.h; sourceTree = "<group>"; };
		718EEFEF16826F260063D540 /* CPDistributedNotificationCenter.h */ = {isa = PBXFileReference; fileEncoding = 4; lastKnownFileType = sourcecode.c.h; path = CPDistributedNotificationCenter.h; sourceTree = "<group>"; };
		718EEFF016826F260063D540 /* CPExclusiveLock.h */ = {isa = PBXFileReference; fileEncoding = 4; lastKnownFileType = sourcecode.c.h; path = CPExclusiveLock.h; sourceTree = "<group>"; };
		718EEFF116826F260063D540 /* CPFS.h */ = {isa = PBXFileReference; fileEncoding = 4; lastKnownFileType = sourcecode.c.h; path = CPFS.h; sourceTree = "<group>"; };
		718EEFF216826F260063D540 /* CPLRUDictionary.h */ = {isa = PBXFileReference; fileEncoding = 4; lastKnownFileType = sourcecode.c.h; path = CPLRUDictionary.h; sourceTree = "<group>"; };
		718EEFF316826F260063D540 /* CPLRUDictionaryNode.h */ = {isa = PBXFileReference; fileEncoding = 4; lastKnownFileType = sourcecode.c.h; path = CPLRUDictionaryNode.h; sourceTree = "<group>"; };
		718EEFF416826F260063D540 /* CPMIGServerSource.h */ = {isa = PBXFileReference; fileEncoding = 4; lastKnownFileType = sourcecode.c.h; path = CPMIGServerSource.h; sourceTree = "<group>"; };
		718EEFF516826F260063D540 /* CPNetworkObserver.h */ = {isa = PBXFileReference; fileEncoding = 4; lastKnownFileType = sourcecode.c.h; path = CPNetworkObserver.h; sourceTree = "<group>"; };
		718EEFF616826F260063D540 /* CPPhoneNumber.h */ = {isa = PBXFileReference; fileEncoding = 4; lastKnownFileType = sourcecode.c.h; path = CPPhoneNumber.h; sourceTree = "<group>"; };
		718EEFF716826F260063D540 /* CPRecord.h */ = {isa = PBXFileReference; fileEncoding = 4; lastKnownFileType = sourcecode.c.h; path = CPRecord.h; sourceTree = "<group>"; };
		718EEFF816826F260063D540 /* CPRegularExpression.h */ = {isa = PBXFileReference; fileEncoding = 4; lastKnownFileType = sourcecode.c.h; path = CPRegularExpression.h; sourceTree = "<group>"; };
		718EEFF916826F260063D540 /* CPSearchMatcher.h */ = {isa = PBXFileReference; fileEncoding = 4; lastKnownFileType = sourcecode.c.h; path = CPSearchMatcher.h; sourceTree = "<group>"; };
		718EEFFA16826F260063D540 /* CPSqlite.h */ = {isa = PBXFileReference; fileEncoding = 4; lastKnownFileType = sourcecode.c.h; path = CPSqlite.h; sourceTree = "<group>"; };
		718EEFFB16826F260063D540 /* DelayedInvocationTrampoline.h */ = {isa = PBXFileReference; fileEncoding = 4; lastKnownFileType = sourcecode.c.h; path = DelayedInvocationTrampoline.h; sourceTree = "<group>"; };
		718EEFFC16826F260063D540 /* InvocationTrampoline.h */ = {isa = PBXFileReference; fileEncoding = 4; lastKnownFileType = sourcecode.c.h; path = InvocationTrampoline.h; sourceTree = "<group>"; };
		718EEFFD16826F260063D540 /* NSCoding.h */ = {isa = PBXFileReference; fileEncoding = 4; lastKnownFileType = sourcecode.c.h; path = NSCoding.h; sourceTree = "<group>"; };
		718EEFFE16826F260063D540 /* NSCopying.h */ = {isa = PBXFileReference; fileEncoding = 4; lastKnownFileType = sourcecode.c.h; path = NSCopying.h; sourceTree = "<group>"; };
		718EEFFF16826F260063D540 /* NSLocking.h */ = {isa = PBXFileReference; fileEncoding = 4; lastKnownFileType = sourcecode.c.h; path = NSLocking.h; sourceTree = "<group>"; };
		718EF00016826F260063D540 /* NSObject.h */ = {isa = PBXFileReference; fileEncoding = 4; lastKnownFileType = sourcecode.c.h; path = NSObject.h; sourceTree = "<group>"; };
		718EF00116826F260063D540 /* OperationQueueInvocationTrampoline.h */ = {isa = PBXFileReference; fileEncoding = 4; lastKnownFileType = sourcecode.c.h; path = OperationQueueInvocationTrampoline.h; sourceTree = "<group>"; };
		718EF00216826F260063D540 /* PEPServiceConfiguration.h */ = {isa = PBXFileReference; fileEncoding = 4; lastKnownFileType = sourcecode.c.h; path = PEPServiceConfiguration.h; sourceTree = "<group>"; };
		718EF00316826F260063D540 /* ThreadedInvocationTrampoline.h */ = {isa = PBXFileReference; fileEncoding = 4; lastKnownFileType = sourcecode.c.h; path = ThreadedInvocationTrampoline.h; sourceTree = "<group>"; };
		71907DB216C9DD8300AE4F83 /* control */ = {isa = PBXFileReference; fileEncoding = 4; lastKnownFileType = text; path = control; sourceTree = "<group>"; };
		71EA015C16C4C16C00FFF797 /* Default-568h@2x.png */ = {isa = PBXFileReference; lastKnownFileType = image.png; name = "Default-568h@2x.png"; path = "../Default-568h@2x.png"; sourceTree = "<group>"; };
		71F80C39165B6189000546F0 /* Settings.bundle */ = {isa = PBXFileReference; lastKnownFileType = "wrapper.plug-in"; name = Settings.bundle; path = ../Settings.bundle; sourceTree = "<group>"; };
/* End PBXFileReference section */

/* Begin PBXFrameworksBuildPhase section */
		7173F14C164F671B00F2350A /* Frameworks */ = {
			isa = PBXFrameworksBuildPhase;
			buildActionMask = 2147483647;
			files = (
				710EDE4016C037D20055E48C /* AppSupport.framework in Frameworks */,
				71255EF916C0327000353319 /* CoreGraphics.framework in Frameworks */,
				71255EF716C0326B00353319 /* UIKit.framework in Frameworks */,
				71255EF516C0326600353319 /* Foundation.framework in Frameworks */,
				718EAEDB16C773F20034B963 /* libhidsupport.dylib in Frameworks */,
			);
			runOnlyForDeploymentPostprocessing = 0;
		};
/* End PBXFrameworksBuildPhase section */

/* Begin PBXGroup section */
		7173F12A164F666400F2350A = {
			isa = PBXGroup;
			children = (
				7173F1F7164F6A3200F2350A /* Utilities */,
				7173F159164F671B00F2350A /* SynergyClient */,
				71907DAF16C9DD8300AE4F83 /* layout */,
				7173F201164F6AF000F2350A /* Resources */,
				7173F152164F671B00F2350A /* Frameworks */,
				7173F150164F671B00F2350A /* Products */,
			);
			sourceTree = "<group>";
		};
		7173F150164F671B00F2350A /* Products */ = {
			isa = PBXGroup;
			children = (
				7173F14F164F671B00F2350A /* SynergyClient.app */,
			);
			name = Products;
			sourceTree = "<group>";
		};
		7173F152164F671B00F2350A /* Frameworks */ = {
			isa = PBXGroup;
			children = (
				710EDE3F16C037D20055E48C /* AppSupport.framework */,
				71255EF816C0327000353319 /* CoreGraphics.framework */,
				71255EF616C0326B00353319 /* UIKit.framework */,
				71255EF416C0326600353319 /* Foundation.framework */,
			);
			name = Frameworks;
			sourceTree = "<group>";
		};
		7173F159164F671B00F2350A /* SynergyClient */ = {
			isa = PBXGroup;
			children = (
				7127829F1688DD8A004B13D4 /* hid-support.h */,
				7173F133164F669300F2350A /* AppDelegate.h */,
				7173F134164F669300F2350A /* AppDelegate.m */,
				7173F137164F669300F2350A /* ConfigurationViewController.h */,
				7173F138164F669300F2350A /* ConfigurationViewController.m */,
				7173F144164F669300F2350A /* mouse_msgs.h */,
				7173F145164F669300F2350A /* mouse_msgs.mm */,
				7173F146164F669300F2350A /* SynergyClient.h */,
				7173F147164F669300F2350A /* SynergyClient.m */,
				7173F15A164F671B00F2350A /* Supporting Files */,
			);
			path = SynergyClient;
			sourceTree = "<group>";
		};
		7173F15A164F671B00F2350A /* Supporting Files */ = {
			isa = PBXGroup;
			children = (
				7173F143164F669300F2350A /* main.m */,
			);
			name = "Supporting Files";
			sourceTree = "<group>";
		};
		7173F1F7164F6A3200F2350A /* Utilities */ = {
			isa = PBXGroup;
			children = (
				7173F135164F669300F2350A /* BackgroundApplication.h */,
				7173F136164F669300F2350A /* BackgroundApplication.m */,
				718EEFE316826F260063D540 /* AppSupport */,
			);
			name = Utilities;
			sourceTree = "<group>";
		};
		7173F201164F6AF000F2350A /* Resources */ = {
			isa = PBXGroup;
			children = (
				718EAEDA16C773F20034B963 /* libhidsupport.dylib */,
				71F80C39165B6189000546F0 /* Settings.bundle */,
				71EA015C16C4C16C00FFF797 /* Default-568h@2x.png */,
				7173F202164F6AF000F2350A /* Icon-57.png */,
				7173F203164F6AF000F2350A /* Icon-72.png */,
				7173F204164F6AF000F2350A /* Info.plist */,
			);
			path = Resources;
			sourceTree = "<group>";
		};
		718EEFE316826F260063D540 /* AppSupport */ = {
			isa = PBXGroup;
			children = (
				718EEFE416826F260063D540 /* _CPPowerAssertion.h */,
				718EEFE516826F260063D540 /* _CPPowerAssertionThread.h */,
				718EEFE616826F260063D540 /* _ReachabilityRequest.h */,
				718EEFE716826F260063D540 /* AppSupport-Structs.h */,
				718EEFE816826F260063D540 /* AppSupport.h */,
				718EEFE916826F260063D540 /* CapturedInvocationTrampoline.h */,
				718EEFEA16826F260063D540 /* CPAggregateDictionary.h */,
				718EEFEB16826F260063D540 /* CPCity.h */,
				718EEFEC16826F260063D540 /* CPDistributedMessagingAsyncOperation.h */,
				718EEFED16826F260063D540 /* CPDistributedMessagingCallout.h */,
				718EEFEE16826F260063D540 /* CPDistributedMessagingCenter.h */,
				718EEFEF16826F260063D540 /* CPDistributedNotificationCenter.h */,
				718EEFF016826F260063D540 /* CPExclusiveLock.h */,
				718EEFF116826F260063D540 /* CPFS.h */,
				718EEFF216826F260063D540 /* CPLRUDictionary.h */,
				718EEFF316826F260063D540 /* CPLRUDictionaryNode.h */,
				718EEFF416826F260063D540 /* CPMIGServerSource.h */,
				718EEFF516826F260063D540 /* CPNetworkObserver.h */,
				718EEFF616826F260063D540 /* CPPhoneNumber.h */,
				718EEFF716826F260063D540 /* CPRecord.h */,
				718EEFF816826F260063D540 /* CPRegularExpression.h */,
				718EEFF916826F260063D540 /* CPSearchMatcher.h */,
				718EEFFA16826F260063D540 /* CPSqlite.h */,
				718EEFFB16826F260063D540 /* DelayedInvocationTrampoline.h */,
				718EEFFC16826F260063D540 /* InvocationTrampoline.h */,
				718EEFFD16826F260063D540 /* NSCoding.h */,
				718EEFFE16826F260063D540 /* NSCopying.h */,
				718EEFFF16826F260063D540 /* NSLocking.h */,
				718EF00016826F260063D540 /* NSObject.h */,
				718EF00116826F260063D540 /* OperationQueueInvocationTrampoline.h */,
				718EF00216826F260063D540 /* PEPServiceConfiguration.h */,
				718EF00316826F260063D540 /* ThreadedInvocationTrampoline.h */,
			);
			path = AppSupport;
			sourceTree = "<group>";
		};
		71907DAF16C9DD8300AE4F83 /* layout */ = {
			isa = PBXGroup;
			children = (
				71907DB016C9DD8300AE4F83 /* Applications */,
				71907DB116C9DD8300AE4F83 /* DEBIAN */,
			);
			path = layout;
			sourceTree = "<group>";
		};
		71907DB016C9DD8300AE4F83 /* Applications */ = {
			isa = PBXGroup;
			children = (
			);
			path = Applications;
			sourceTree = "<group>";
		};
		71907DB116C9DD8300AE4F83 /* DEBIAN */ = {
			isa = PBXGroup;
			children = (
				71907DB216C9DD8300AE4F83 /* control */,
			);
			path = DEBIAN;
			sourceTree = "<group>";
		};
/* End PBXGroup section */

/* Begin PBXNativeTarget section */
		7173F14E164F671B00F2350A /* SynergyClient */ = {
			isa = PBXNativeTarget;
			buildConfigurationList = 7173F167164F671B00F2350A /* Build configuration list for PBXNativeTarget "SynergyClient" */;
			buildPhases = (
				7173F14B164F671B00F2350A /* Sources */,
				7173F14C164F671B00F2350A /* Frameworks */,
				7173F14D164F671B00F2350A /* Resources */,
				718EAED716C700ED0034B963 /* ShellScript */,
				71EA015E16C4C43700FFF797 /* ShellScript */,
			);
			buildRules = (
			);
			dependencies = (
			);
			name = SynergyClient;
			productName = SynergyClient;
			productReference = 7173F14F164F671B00F2350A /* SynergyClient.app */;
			productType = "com.apple.product-type.application";
		};
/* End PBXNativeTarget section */

/* Begin PBXProject section */
		7173F12C164F666400F2350A /* Project object */ = {
			isa = PBXProject;
			attributes = {
				LastUpgradeCheck = 0460;
			};
			buildConfigurationList = 7173F12F164F666400F2350A /* Build configuration list for PBXProject "SynergyClient" */;
			compatibilityVersion = "Xcode 3.2";
			developmentRegion = English;
			hasScannedForEncodings = 0;
			knownRegions = (
				en,
			);
			mainGroup = 7173F12A164F666400F2350A;
			productRefGroup = 7173F150164F671B00F2350A /* Products */;
			projectDirPath = "";
			projectRoot = "";
			targets = (
				7173F14E164F671B00F2350A /* SynergyClient */,
			);
		};
/* End PBXProject section */

/* Begin PBXResourcesBuildPhase section */
		7173F14D164F671B00F2350A /* Resources */ = {
			isa = PBXResourcesBuildPhase;
			buildActionMask = 2147483647;
			files = (
				7173F205164F6AF000F2350A /* Icon-57.png in Resources */,
				7173F206164F6AF000F2350A /* Icon-72.png in Resources */,
				71EA015D16C4C16C00FFF797 /* Default-568h@2x.png in Resources */,
			);
			runOnlyForDeploymentPostprocessing = 0;
		};
/* End PBXResourcesBuildPhase section */

/* Begin PBXShellScriptBuildPhase section */
		718EAED716C700ED0034B963 /* ShellScript */ = {
			isa = PBXShellScriptBuildPhase;
			buildActionMask = 2147483647;
			files = (
			);
			inputPaths = (
			);
			outputPaths = (
			);
			runOnlyForDeploymentPostprocessing = 0;
			shellPath = /bin/sh;
			shellScript = "export CODESIGN_ALLOCATE=/Library/JailCoder/codesign_allocate\nif [ \"${PLATFORM_NAME}\" == \"iphoneos\" ]; then\n/Library/JailCoder/Entitlements/Entitlements.py \"ch.ringwald.${PROJECT_NAME}\" \"${BUILT_PRODUCTS_DIR}/${WRAPPER_NAME}/${PROJECT_NAME}.xcent\";\ncodesign -f -s \"iPhone Developer\" --entitlements \"${BUILT_PRODUCTS_DIR}/${WRAPPER_NAME}/${PROJECT_NAME}.xcent\" \"${BUILT_PRODUCTS_DIR}/${WRAPPER_NAME}/\"\nfi\n";
		};
		71EA015E16C4C43700FFF797 /* ShellScript */ = {
			isa = PBXShellScriptBuildPhase;
			buildActionMask = 2147483647;
			files = (
			);
			inputPaths = (
			);
			outputPaths = (
			);
			runOnlyForDeploymentPostprocessing = 0;
			shellPath = /bin/sh;
			shellScript = "#setup some options\nset -x\nexport DEVICE_NAME=iphonelocal\nexport DEVICE_TUNNEL_PORT=2022\n\nDEB_DIR=\"${BUILT_PRODUCTS_DIR}/_${PROJECT_NAME}_\"\nINFO_PLIST=\"${BUILT_PRODUCTS_DIR}/${WRAPPER_NAME}/Info.plist\"\n\nPRODUCT_VER=$(/usr/libexec/PlistBuddy -c \"Print CFBundleShortVersionString\" \"${INFO_PLIST}\")\nPRODUCT_BUILD=$(/usr/libexec/PlistBuddy -c \"Print CFBundleVersion\" \"${INFO_PLIST}\")\nDEB_NAME=\"isynergyclient_${PRODUCT_VER}-${PRODUCT_BUILD}_rotation+keyboard.deb\"\n\n#Setup deb directory\nrm -rf \"${DEB_DIR}\"\nmkdir -p \"${DEB_DIR}\"\n\n#Copy layout (with control file) and position files\ncp -Rv \"./layout/\" \"${DEB_DIR}\"\ncp -Rv \"${BUILT_PRODUCTS_DIR}/${WRAPPER_NAME}/\" \"${DEB_DIR}/Applications/${WRAPPER_NAME}\"\n\n#Build package\n/opt/local/bin/dpkg-deb -b \"${DEB_DIR}/\" \"${BUILT_PRODUCTS_DIR}/${DEB_NAME}\"\n\n#copy deb package over to device home directory\nscp -P ${DEVICE_TUNNEL_PORT} \"${BUILT_PRODUCTS_DIR}/${DEB_NAME}\" root@${DEVICE_NAME}:\"${DEB_NAME}\"\n\n#install package on device\nssh -p ${DEVICE_TUNNEL_PORT} root@${DEVICE_NAME} dpkg -i '~'/${DEB_NAME}\n";
		};
/* End PBXShellScriptBuildPhase section */

/* Begin PBXSourcesBuildPhase section */
		7173F14B164F671B00F2350A /* Sources */ = {
			isa = PBXSourcesBuildPhase;
			buildActionMask = 2147483647;
			files = (
				7173F169164F676900F2350A /* main.m in Sources */,
				7173F208164F6B4500F2350A /* AppDelegate.m in Sources */,
				7173F20C164F6D1400F2350A /* SynergyClient.m in Sources */,
				7173F209164F6B4800F2350A /* ConfigurationViewController.m in Sources */,
				7173F20A164F6B4E00F2350A /* mouse_msgs.mm in Sources */,
				7173F20B164F6B5500F2350A /* BackgroundApplication.m in Sources */,
			);
			runOnlyForDeploymentPostprocessing = 0;
		};
/* End PBXSourcesBuildPhase section */

/* Begin XCBuildConfiguration section */
		7173F131164F666400F2350A /* Debug */ = {
			isa = XCBuildConfiguration;
			buildSettings = {
				ARCHS = (
					armv6,
					armv7,
				);
				GCC_THUMB_SUPPORT = NO;
				SDKROOT = iphoneos;
			};
			name = Debug;
		};
		7173F132164F666400F2350A /* Release */ = {
			isa = XCBuildConfiguration;
			buildSettings = {
				ARCHS = (
					armv6,
					armv7,
				);
				GCC_THUMB_SUPPORT = NO;
				SDKROOT = iphoneos;
			};
			name = Release;
		};
		7173F165164F671B00F2350A /* Debug */ = {
			isa = XCBuildConfiguration;
			buildSettings = {
				ALWAYS_SEARCH_USER_PATHS = NO;
				ARCHS = "$(ARCHS_STANDARD_32_BIT)";
				CLANG_CXX_LANGUAGE_STANDARD = "gnu++0x";
				CLANG_ENABLE_OBJC_ARC = YES;
				CLANG_WARN__DUPLICATE_METHOD_MATCH = YES;
				CODE_SIGN_IDENTITY = "";
				"CODE_SIGN_IDENTITY[sdk=iphoneos*]" = "";
				COPY_PHASE_STRIP = NO;
				FRAMEWORK_SEARCH_PATHS = (
					"$(inherited)",
					"\"$(SDKROOT)$(SYSTEM_LIBRARY_DIR)/PrivateFrameworks\"",
				);
				GCC_C_LANGUAGE_STANDARD = gnu99;
				GCC_DYNAMIC_NO_PIC = NO;
				GCC_OPTIMIZATION_LEVEL = 0;
				GCC_PRECOMPILE_PREFIX_HEADER = YES;
				GCC_PREFIX_HEADER = "";
				GCC_PREPROCESSOR_DEFINITIONS = (
					"DEBUG=1",
					"$(inherited)",
				);
				GCC_SYMBOLS_PRIVATE_EXTERN = NO;
				GCC_VERSION = com.apple.compilers.llvm.clang.1_0;
				GCC_WARN_ABOUT_RETURN_TYPE = YES;
				GCC_WARN_UNINITIALIZED_AUTOS = YES;
				GCC_WARN_UNUSED_VARIABLE = YES;
				HEADER_SEARCH_PATHS = "$(HIDSUPPORT_SRC)/hidsupport/**";
				INFOPLIST_FILE = Resources/Info.plist;
				IPHONEOS_DEPLOYMENT_TARGET = 5.1;
				LIBRARY_SEARCH_PATHS = (
					"$(inherited)",
					"\"$(SRCROOT)/Resources\"",
					"\"$(SRCROOT)\"",
					"\"$(SRCROOT)/../../../../Desktop\"",
					"\"$(SRCROOT)/../lib/hid-support/libhidsupport/obj\"",
					"\"$(SRCROOT)/SynergyClient\"",
				);
				PRODUCT_NAME = "$(TARGET_NAME)";
				SDKROOT = iphoneos;
				TARGETED_DEVICE_FAMILY = "1,2";
				VALID_ARCHS = armv7;
				WRAPPER_EXTENSION = app;
			};
			name = Debug;
		};
		7173F166164F671B00F2350A /* Release */ = {
			isa = XCBuildConfiguration;
			buildSettings = {
				ALWAYS_SEARCH_USER_PATHS = NO;
				ARCHS = "$(ARCHS_STANDARD_32_BIT)";
				CLANG_CXX_LANGUAGE_STANDARD = "gnu++0x";
				CLANG_ENABLE_OBJC_ARC = YES;
				CLANG_WARN__DUPLICATE_METHOD_MATCH = YES;
				CODE_SIGN_IDENTITY = "";
				"CODE_SIGN_IDENTITY[sdk=iphoneos*]" = "";
				COPY_PHASE_STRIP = YES;
				FRAMEWORK_SEARCH_PATHS = (
					"$(inherited)",
					"\"$(SDKROOT)$(SYSTEM_LIBRARY_DIR)/PrivateFrameworks\"",
				);
				GCC_C_LANGUAGE_STANDARD = gnu99;
				GCC_PRECOMPILE_PREFIX_HEADER = YES;
				GCC_PREFIX_HEADER = "";
				GCC_VERSION = com.apple.compilers.llvm.clang.1_0;
				GCC_WARN_ABOUT_RETURN_TYPE = YES;
				GCC_WARN_UNINITIALIZED_AUTOS = YES;
				GCC_WARN_UNUSED_VARIABLE = YES;
				HEADER_SEARCH_PATHS = "$(HIDSUPPORT_SRC)/hidsupport/**";
				INFOPLIST_FILE = Resources/Info.plist;
				IPHONEOS_DEPLOYMENT_TARGET = 5.1;
				LIBRARY_SEARCH_PATHS = (
					"$(inherited)",
					"\"$(SRCROOT)/Resources\"",
					"\"$(SRCROOT)\"",
					"\"$(SRCROOT)/../../../../Desktop\"",
					"\"$(SRCROOT)/../lib/hid-support/libhidsupport/obj\"",
					"\"$(SRCROOT)/SynergyClient\"",
				);
				OTHER_CFLAGS = "-DNS_BLOCK_ASSERTIONS=1";
				PRODUCT_NAME = "$(TARGET_NAME)";
				SDKROOT = iphoneos;
				TARGETED_DEVICE_FAMILY = "1,2";
				VALIDATE_PRODUCT = NO;
				VALID_ARCHS = armv7;
				WRAPPER_EXTENSION = app;
			};
			name = Release;
		};
/* End XCBuildConfiguration section */

/* Begin XCConfigurationList section */
		7173F12F164F666400F2350A /* Build configuration list for PBXProject "SynergyClient" */ = {
			isa = XCConfigurationList;
			buildConfigurations = (
				7173F131164F666400F2350A /* Debug */,
				7173F132164F666400F2350A /* Release */,
			);
			defaultConfigurationIsVisible = 0;
			defaultConfigurationName = Release;
		};
		7173F167164F671B00F2350A /* Build configuration list for PBXNativeTarget "SynergyClient" */ = {
			isa = XCConfigurationList;
			buildConfigurations = (
				7173F165164F671B00F2350A /* Debug */,
				7173F166164F671B00F2350A /* Release */,
			);
			defaultConfigurationIsVisible = 0;
			defaultConfigurationName = Release;
		};
/* End XCConfigurationList section */
	};
	rootObject = 7173F12C164F666400F2350A /* Project object */;
}
